
Microsoft Visual Studio Solution File, Format Version 12.00
# Visual Studio Version 17
VisualStudioVersion = 17.10.35004.147
MinimumVisualStudioVersion = 10.0.40219.1
Project("{FAE04EC0-301F-11D3-BF4B-00C04F79EFBC}") = "Chiao-Yu", "Chiao-Yu\Chiao-Yu.csproj", "{3545E172-9FD6-4906-9290-04604AC10EFB}"
EndProject
Global
	GlobalSection(SolutionConfigurationPlatforms) = preSolution
		Debug|Any CPU = Debug|Any CPU
		Release|Any CPU = Release|Any CPU
	EndGlobalSection
	GlobalSection(ProjectConfigurationPlatforms) = postSolution
		{3545E172-9FD6-4906-9290-04604AC10EFB}.Debug|Any CPU.ActiveCfg = Debug|Any CPU
		{3545E172-9FD6-4906-9290-04604AC10EFB}.Debug|Any CPU.Build.0 = Debug|Any CPU
		{3545E172-9FD6-4906-9290-04604AC10EFB}.Release|Any CPU.ActiveCfg = Release|Any CPU
		{3545E172-9FD6-4906-9290-04604AC10EFB}.Release|Any CPU.Build.0 = Release|Any CPU
	EndGlobalSection
	GlobalSection(SolutionProperties) = preSolution
		HideSolutionNode = FALSE
	EndGlobalSection
	GlobalSection(ExtensibilityGlobals) = postSolution
		SolutionGuid = {44DF2007-CE8D-471D-8CFA-C0B905433B7C}
	EndGlobalSection
EndGlobal
